// !$*UTF8*$!
{
	archiveVersion = 1;
	classes = {
	};
	objectVersion = 50;
	objects = {

/* Begin PBXBuildFile section */
		3FC4793120D5BCD90024EFCF /* AppDelegate.swift in Sources */ = {isa = PBXBuildFile; fileRef = 3FC4793020D5BCD90024EFCF /* AppDelegate.swift */; };
		3FC4793320D5BCD90024EFCF /* ViewController.swift in Sources */ = {isa = PBXBuildFile; fileRef = 3FC4793220D5BCD90024EFCF /* ViewController.swift */; };
		3FC4793620D5BCD90024EFCF /* Main.storyboard in Resources */ = {isa = PBXBuildFile; fileRef = 3FC4793420D5BCD90024EFCF /* Main.storyboard */; };
		3FC4793820D5BCDD0024EFCF /* Assets.xcassets in Resources */ = {isa = PBXBuildFile; fileRef = 3FC4793720D5BCDD0024EFCF /* Assets.xcassets */; };
		3FC4793B20D5BCDD0024EFCF /* LaunchScreen.storyboard in Resources */ = {isa = PBXBuildFile; fileRef = 3FC4793920D5BCDD0024EFCF /* LaunchScreen.storyboard */; };
		3FC4794620D5BCDD0024EFCF /* CameraTests.swift in Sources */ = {isa = PBXBuildFile; fileRef = 3FC4794520D5BCDD0024EFCF /* CameraTests.swift */; };
		3FC4795120D5BCDD0024EFCF /* CameraUITests.swift in Sources */ = {isa = PBXBuildFile; fileRef = 3FC4795020D5BCDD0024EFCF /* CameraUITests.swift */; };
/* End PBXBuildFile section */

/* Begin PBXContainerItemProxy section */
		3FC4794220D5BCDD0024EFCF /* PBXContainerItemProxy */ = {
			isa = PBXContainerItemProxy;
			containerPortal = 3FC4792520D5BCD90024EFCF /* Project object */;
			proxyType = 1;
			remoteGlobalIDString = 3FC4792C20D5BCD90024EFCF;
			remoteInfo = Camera;
		};
		3FC4794D20D5BCDD0024EFCF /* PBXContainerItemProxy */ = {
			isa = PBXContainerItemProxy;
			containerPortal = 3FC4792520D5BCD90024EFCF /* Project object */;
			proxyType = 1;
			remoteGlobalIDString = 3FC4792C20D5BCD90024EFCF;
			remoteInfo = Camera;
		};
/* End PBXContainerItemProxy section */

/* Begin PBXFileReference section */
		3FC4792D20D5BCD90024EFCF /* Camera.app */ = {isa = PBXFileReference; explicitFileType = wrapper.application; includeInIndex = 0; path = Camera.app; sourceTree = BUILT_PRODUCTS_DIR; };
		3FC4793020D5BCD90024EFCF /* AppDelegate.swift */ = {isa = PBXFileReference; lastKnownFileType = sourcecode.swift; path = AppDelegate.swift; sourceTree = "<group>"; };
		3FC4793220D5BCD90024EFCF /* ViewController.swift */ = {isa = PBXFileReference; lastKnownFileType = sourcecode.swift; path = ViewController.swift; sourceTree = "<group>"; };
		3FC4793520D5BCD90024EFCF /* Base */ = {isa = PBXFileReference; lastKnownFileType = file.storyboard; name = Base; path = Base.lproj/Main.storyboard; sourceTree = "<group>"; };
		3FC4793720D5BCDD0024EFCF /* Assets.xcassets */ = {isa = PBXFileReference; lastKnownFileType = folder.assetcatalog; path = Assets.xcassets; sourceTree = "<group>"; };
		3FC4793A20D5BCDD0024EFCF /* Base */ = {isa = PBXFileReference; lastKnownFileType = file.storyboard; name = Base; path = Base.lproj/LaunchScreen.storyboard; sourceTree = "<group>"; };
		3FC4793C20D5BCDD0024EFCF /* Info.plist */ = {isa = PBXFileReference; lastKnownFileType = text.plist.xml; path = Info.plist; sourceTree = "<group>"; };
		3FC4794120D5BCDD0024EFCF /* CameraTests.xctest */ = {isa = PBXFileReference; explicitFileType = wrapper.cfbundle; includeInIndex = 0; path = CameraTests.xctest; sourceTree = BUILT_PRODUCTS_DIR; };
		3FC4794520D5BCDD0024EFCF /* CameraTests.swift */ = {isa = PBXFileReference; lastKnownFileType = sourcecode.swift; path = CameraTests.swift; sourceTree = "<group>"; };
		3FC4794720D5BCDD0024EFCF /* Info.plist */ = {isa = PBXFileReference; lastKnownFileType = text.plist.xml; path = Info.plist; sourceTree = "<group>"; };
		3FC4794C20D5BCDD0024EFCF /* CameraUITests.xctest */ = {isa = PBXFileReference; explicitFileType = wrapper.cfbundle; includeInIndex = 0; path = CameraUITests.xctest; sourceTree = BUILT_PRODUCTS_DIR; };
		3FC4795020D5BCDD0024EFCF /* CameraUITests.swift */ = {isa = PBXFileReference; lastKnownFileType = sourcecode.swift; path = CameraUITests.swift; sourceTree = "<group>"; };
		3FC4795220D5BCDD0024EFCF /* Info.plist */ = {isa = PBXFileReference; lastKnownFileType = text.plist.xml; path = Info.plist; sourceTree = "<group>"; };
/* End PBXFileReference section */

/* Begin PBXFrameworksBuildPhase section */
		3FC4792A20D5BCD90024EFCF /* Frameworks */ = {
			isa = PBXFrameworksBuildPhase;
			buildActionMask = 2147483647;
			files = (
			);
			runOnlyForDeploymentPostprocessing = 0;
		};
		3FC4793E20D5BCDD0024EFCF /* Frameworks */ = {
			isa = PBXFrameworksBuildPhase;
			buildActionMask = 2147483647;
			files = (
			);
			runOnlyForDeploymentPostprocessing = 0;
		};
		3FC4794920D5BCDD0024EFCF /* Frameworks */ = {
			isa = PBXFrameworksBuildPhase;
			buildActionMask = 2147483647;
			files = (
			);
			runOnlyForDeploymentPostprocessing = 0;
		};
/* End PBXFrameworksBuildPhase section */

/* Begin PBXGroup section */
		3FC4792420D5BCD90024EFCF = {
			isa = PBXGroup;
			children = (
				3FC4792F20D5BCD90024EFCF /* Camera */,
				3FC4794420D5BCDD0024EFCF /* CameraTests */,
				3FC4794F20D5BCDD0024EFCF /* CameraUITests */,
				3FC4792E20D5BCD90024EFCF /* Products */,
			);
			sourceTree = "<group>";
		};
		3FC4792E20D5BCD90024EFCF /* Products */ = {
			isa = PBXGroup;
			children = (
				3FC4792D20D5BCD90024EFCF /* Camera.app */,
				3FC4794120D5BCDD0024EFCF /* CameraTests.xctest */,
				3FC4794C20D5BCDD0024EFCF /* CameraUITests.xctest */,
			);
			name = Products;
			sourceTree = "<group>";
		};
		3FC4792F20D5BCD90024EFCF /* Camera */ = {
			isa = PBXGroup;
			children = (
				3FC4793020D5BCD90024EFCF /* AppDelegate.swift */,
				3FC4793220D5BCD90024EFCF /* ViewController.swift */,
				3FC4793420D5BCD90024EFCF /* Main.storyboard */,
				3FC4793720D5BCDD0024EFCF /* Assets.xcassets */,
				3FC4793920D5BCDD0024EFCF /* LaunchScreen.storyboard */,
				3FC4793C20D5BCDD0024EFCF /* Info.plist */,
			);
			path = Camera;
			sourceTree = "<group>";
		};
		3FC4794420D5BCDD0024EFCF /* CameraTests */ = {
			isa = PBXGroup;
			children = (
				3FC4794520D5BCDD0024EFCF /* CameraTests.swift */,
				3FC4794720D5BCDD0024EFCF /* Info.plist */,
			);
			path = CameraTests;
			sourceTree = "<group>";
		};
		3FC4794F20D5BCDD0024EFCF /* CameraUITests */ = {
			isa = PBXGroup;
			children = (
				3FC4795020D5BCDD0024EFCF /* CameraUITests.swift */,
				3FC4795220D5BCDD0024EFCF /* Info.plist */,
			);
			path = CameraUITests;
			sourceTree = "<group>";
		};
/* End PBXGroup section */

/* Begin PBXNativeTarget section */
		3FC4792C20D5BCD90024EFCF /* Camera */ = {
			isa = PBXNativeTarget;
			buildConfigurationList = 3FC4795520D5BCDD0024EFCF /* Build configuration list for PBXNativeTarget "Camera" */;
			buildPhases = (
				3FC4792920D5BCD90024EFCF /* Sources */,
				3FC4792A20D5BCD90024EFCF /* Frameworks */,
				3FC4792B20D5BCD90024EFCF /* Resources */,
			);
			buildRules = (
			);
			dependencies = (
			);
			name = Camera;
			productName = Camera;
			productReference = 3FC4792D20D5BCD90024EFCF /* Camera.app */;
			productType = "com.apple.product-type.application";
		};
		3FC4794020D5BCDD0024EFCF /* CameraTests */ = {
			isa = PBXNativeTarget;
			buildConfigurationList = 3FC4795820D5BCDD0024EFCF /* Build configuration list for PBXNativeTarget "CameraTests" */;
			buildPhases = (
				3FC4793D20D5BCDD0024EFCF /* Sources */,
				3FC4793E20D5BCDD0024EFCF /* Frameworks */,
				3FC4793F20D5BCDD0024EFCF /* Resources */,
			);
			buildRules = (
			);
			dependencies = (
				3FC4794320D5BCDD0024EFCF /* PBXTargetDependency */,
			);
			name = CameraTests;
			productName = CameraTests;
			productReference = 3FC4794120D5BCDD0024EFCF /* CameraTests.xctest */;
			productType = "com.apple.product-type.bundle.unit-test";
		};
		3FC4794B20D5BCDD0024EFCF /* CameraUITests */ = {
			isa = PBXNativeTarget;
			buildConfigurationList = 3FC4795B20D5BCDD0024EFCF /* Build configuration list for PBXNativeTarget "CameraUITests" */;
			buildPhases = (
				3FC4794820D5BCDD0024EFCF /* Sources */,
				3FC4794920D5BCDD0024EFCF /* Frameworks */,
				3FC4794A20D5BCDD0024EFCF /* Resources */,
			);
			buildRules = (
			);
			dependencies = (
				3FC4794E20D5BCDD0024EFCF /* PBXTargetDependency */,
			);
			name = CameraUITests;
			productName = CameraUITests;
			productReference = 3FC4794C20D5BCDD0024EFCF /* CameraUITests.xctest */;
			productType = "com.apple.product-type.bundle.ui-testing";
		};
/* End PBXNativeTarget section */

/* Begin PBXProject section */
		3FC4792520D5BCD90024EFCF /* Project object */ = {
			isa = PBXProject;
			attributes = {
				LastSwiftUpdateCheck = 0930;
				LastUpgradeCheck = 0930;
				ORGANIZATIONNAME = Student;
				TargetAttributes = {
					3FC4792C20D5BCD90024EFCF = {
						CreatedOnToolsVersion = 9.3;
					};
					3FC4794020D5BCDD0024EFCF = {
						CreatedOnToolsVersion = 9.3;
						TestTargetID = 3FC4792C20D5BCD90024EFCF;
					};
					3FC4794B20D5BCDD0024EFCF = {
						CreatedOnToolsVersion = 9.3;
						TestTargetID = 3FC4792C20D5BCD90024EFCF;
					};
				};
			};
			buildConfigurationList = 3FC4792820D5BCD90024EFCF /* Build configuration list for PBXProject "Camera" */;
			compatibilityVersion = "Xcode 9.3";
			developmentRegion = en;
			hasScannedForEncodings = 0;
			knownRegions = (
				en,
				Base,
			);
			mainGroup = 3FC4792420D5BCD90024EFCF;
			productRefGroup = 3FC4792E20D5BCD90024EFCF /* Products */;
			projectDirPath = "";
			projectRoot = "";
			targets = (
				3FC4792C20D5BCD90024EFCF /* Camera */,
				3FC4794020D5BCDD0024EFCF /* CameraTests */,
				3FC4794B20D5BCDD0024EFCF /* CameraUITests */,
			);
		};
/* End PBXProject section */

/* Begin PBXResourcesBuildPhase section */
		3FC4792B20D5BCD90024EFCF /* Resources */ = {
			isa = PBXResourcesBuildPhase;
			buildActionMask = 2147483647;
			files = (
				3FC4793B20D5BCDD0024EFCF /* LaunchScreen.storyboard in Resources */,
				3FC4793820D5BCDD0024EFCF /* Assets.xcassets in Resources */,
				3FC4793620D5BCD90024EFCF /* Main.storyboard in Resources */,
			);
			runOnlyForDeploymentPostprocessing = 0;
		};
		3FC4793F20D5BCDD0024EFCF /* Resources */ = {
			isa = PBXResourcesBuildPhase;
			buildActionMask = 2147483647;
			files = (
			);
			runOnlyForDeploymentPostprocessing = 0;
		};
		3FC4794A20D5BCDD0024EFCF /* Resources */ = {
			isa = PBXResourcesBuildPhase;
			buildActionMask = 2147483647;
			files = (
			);
			runOnlyForDeploymentPostprocessing = 0;
		};
/* End PBXResourcesBuildPhase section */

/* Begin PBXSourcesBuildPhase section */
		3FC4792920D5BCD90024EFCF /* Sources */ = {
			isa = PBXSourcesBuildPhase;
			buildActionMask = 2147483647;
			files = (
				3FC4793320D5BCD90024EFCF /* ViewController.swift in Sources */,
				3FC4793120D5BCD90024EFCF /* AppDelegate.swift in Sources */,
			);
			runOnlyForDeploymentPostprocessing = 0;
		};
		3FC4793D20D5BCDD0024EFCF /* Sources */ = {
			isa = PBXSourcesBuildPhase;
			buildActionMask = 2147483647;
			files = (
				3FC4794620D5BCDD0024EFCF /* CameraTests.swift in Sources */,
			);
			runOnlyForDeploymentPostprocessing = 0;
		};
		3FC4794820D5BCDD0024EFCF /* Sources */ = {
			isa = PBXSourcesBuildPhase;
			buildActionMask = 2147483647;
			files = (
				3FC4795120D5BCDD0024EFCF /* CameraUITests.swift in Sources */,
			);
			runOnlyForDeploymentPostprocessing = 0;
		};
/* End PBXSourcesBuildPhase section */

/* Begin PBXTargetDependency section */
		3FC4794320D5BCDD0024EFCF /* PBXTargetDependency */ = {
			isa = PBXTargetDependency;
			target = 3FC4792C20D5BCD90024EFCF /* Camera */;
			targetProxy = 3FC4794220D5BCDD0024EFCF /* PBXContainerItemProxy */;
		};
		3FC4794E20D5BCDD0024EFCF /* PBXTargetDependency */ = {
			isa = PBXTargetDependency;
			target = 3FC4792C20D5BCD90024EFCF /* Camera */;
			targetProxy = 3FC4794D20D5BCDD0024EFCF /* PBXContainerItemProxy */;
		};
/* End PBXTargetDependency section */

/* Begin PBXVariantGroup section */
		3FC4793420D5BCD90024EFCF /* Main.storyboard */ = {
			isa = PBXVariantGroup;
			children = (
				3FC4793520D5BCD90024EFCF /* Base */,
			);
			name = Main.storyboard;
			sourceTree = "<group>";
		};
		3FC4793920D5BCDD0024EFCF /* LaunchScreen.storyboard */ = {
			isa = PBXVariantGroup;
			children = (
				3FC4793A20D5BCDD0024EFCF /* Base */,
			);
			name = LaunchScreen.storyboard;
			sourceTree = "<group>";
		};
/* End PBXVariantGroup section */

/* Begin XCBuildConfiguration section */
		3FC4795320D5BCDD0024EFCF /* Debug */ = {
			isa = XCBuildConfiguration;
			buildSettings = {
				ALWAYS_SEARCH_USER_PATHS = NO;
				CLANG_ANALYZER_NONNULL = YES;
				CLANG_ANALYZER_NUMBER_OBJECT_CONVERSION = YES_AGGRESSIVE;
				CLANG_CXX_LANGUAGE_STANDARD = "gnu++14";
				CLANG_CXX_LIBRARY = "libc++";
				CLANG_ENABLE_MODULES = YES;
				CLANG_ENABLE_OBJC_ARC = YES;
				CLANG_ENABLE_OBJC_WEAK = YES;
				CLANG_WARN_BLOCK_CAPTURE_AUTORELEASING = YES;
				CLANG_WARN_BOOL_CONVERSION = YES;
				CLANG_WARN_COMMA = YES;
				CLANG_WARN_CONSTANT_CONVERSION = YES;
				CLANG_WARN_DEPRECATED_OBJC_IMPLEMENTATIONS = YES;
				CLANG_WARN_DIRECT_OBJC_ISA_USAGE = YES_ERROR;
				CLANG_WARN_DOCUMENTATION_COMMENTS = YES;
				CLANG_WARN_EMPTY_BODY = YES;
				CLANG_WARN_ENUM_CONVERSION = YES;
				CLANG_WARN_INFINITE_RECURSION = YES;
				CLANG_WARN_INT_CONVERSION = YES;
				CLANG_WARN_NON_LITERAL_NULL_CONVERSION = YES;
				CLANG_WARN_OBJC_IMPLICIT_RETAIN_SELF = YES;
				CLANG_WARN_OBJC_LITERAL_CONVERSION = YES;
				CLANG_WARN_OBJC_ROOT_CLASS = YES_ERROR;
				CLANG_WARN_RANGE_LOOP_ANALYSIS = YES;
				CLANG_WARN_STRICT_PROTOTYPES = YES;
				CLANG_WARN_SUSPICIOUS_MOVE = YES;
				CLANG_WARN_UNGUARDED_AVAILABILITY = YES_AGGRESSIVE;
				CLANG_WARN_UNREACHABLE_CODE = YES;
				CLANG_WARN__DUPLICATE_METHOD_MATCH = YES;
				CODE_SIGN_IDENTITY = "iPhone Developer";
				COPY_PHASE_STRIP = NO;
				DEBUG_INFORMATION_FORMAT = dwarf;
				ENABLE_STRICT_OBJC_MSGSEND = YES;
				ENABLE_TESTABILITY = YES;
				GCC_C_LANGUAGE_STANDARD = gnu11;
				GCC_DYNAMIC_NO_PIC = NO;
				GCC_NO_COMMON_BLOCKS = YES;
				GCC_OPTIMIZATION_LEVEL = 0;
				GCC_PREPROCESSOR_DEFINITIONS = (
					"DEBUG=1",
					"$(inherited)",
				);
				GCC_WARN_64_TO_32_BIT_CONVERSION = YES;
				GCC_WARN_ABOUT_RETURN_TYPE = YES_ERROR;
				GCC_WARN_UNDECLARED_SELECTOR = YES;
				GCC_WARN_UNINITIALIZED_AUTOS = YES_AGGRESSIVE;
				GCC_WARN_UNUSED_FUNCTION = YES;
				GCC_WARN_UNUSED_VARIABLE = YES;
				IPHONEOS_DEPLOYMENT_TARGET = 11.3;
				MTL_ENABLE_DEBUG_INFO = YES;
				ONLY_ACTIVE_ARCH = YES;
				SDKROOT = iphoneos;
				SWIFT_ACTIVE_COMPILATION_CONDITIONS = DEBUG;
				SWIFT_OPTIMIZATION_LEVEL = "-Onone";
			};
			name = Debug;
		};
		3FC4795420D5BCDD0024EFCF /* Release */ = {
			isa = XCBuildConfiguration;
			buildSettings = {
				ALWAYS_SEARCH_USER_PATHS = NO;
				CLANG_ANALYZER_NONNULL = YES;
				CLANG_ANALYZER_NUMBER_OBJECT_CONVERSION = YES_AGGRESSIVE;
				CLANG_CXX_LANGUAGE_STANDARD = "gnu++14";
				CLANG_CXX_LIBRARY = "libc++";
				CLANG_ENABLE_MODULES = YES;
				CLANG_ENABLE_OBJC_ARC = YES;
				CLANG_ENABLE_OBJC_WEAK = YES;
				CLANG_WARN_BLOCK_CAPTURE_AUTORELEASING = YES;
				CLANG_WARN_BOOL_CONVERSION = YES;
				CLANG_WARN_COMMA = YES;
				CLANG_WARN_CONSTANT_CONVERSION = YES;
				CLANG_WARN_DEPRECATED_OBJC_IMPLEMENTATIONS = YES;
				CLANG_WARN_DIRECT_OBJC_ISA_USAGE = YES_ERROR;
				CLANG_WARN_DOCUMENTATION_COMMENTS = YES;
				CLANG_WARN_EMPTY_BODY = YES;
				CLANG_WARN_ENUM_CONVERSION = YES;
				CLANG_WARN_INFINITE_RECURSION = YES;
				CLANG_WARN_INT_CONVERSION = YES;
				CLANG_WARN_NON_LITERAL_NULL_CONVERSION = YES;
				CLANG_WARN_OBJC_IMPLICIT_RETAIN_SELF = YES;
				CLANG_WARN_OBJC_LITERAL_CONVERSION = YES;
				CLANG_WARN_OBJC_ROOT_CLASS = YES_ERROR;
				CLANG_WARN_RANGE_LOOP_ANALYSIS = YES;
				CLANG_WARN_STRICT_PROTOTYPES = YES;
				CLANG_WARN_SUSPICIOUS_MOVE = YES;
				CLANG_WARN_UNGUARDED_AVAILABILITY = YES_AGGRESSIVE;
				CLANG_WARN_UNREACHABLE_CODE = YES;
				CLANG_WARN__DUPLICATE_METHOD_MATCH = YES;
				CODE_SIGN_IDENTITY = "iPhone Developer";
				COPY_PHASE_STRIP = NO;
				DEBUG_INFORMATION_FORMAT = "dwarf-with-dsym";
				ENABLE_NS_ASSERTIONS = NO;
				ENABLE_STRICT_OBJC_MSGSEND = YES;
				GCC_C_LANGUAGE_STANDARD = gnu11;
				GCC_NO_COMMON_BLOCKS = YES;
				GCC_WARN_64_TO_32_BIT_CONVERSION = YES;
				GCC_WARN_ABOUT_RETURN_TYPE = YES_ERROR;
				GCC_WARN_UNDECLARED_SELECTOR = YES;
				GCC_WARN_UNINITIALIZED_AUTOS = YES_AGGRESSIVE;
				GCC_WARN_UNUSED_FUNCTION = YES;
				GCC_WARN_UNUSED_VARIABLE = YES;
				IPHONEOS_DEPLOYMENT_TARGET = 11.3;
				MTL_ENABLE_DEBUG_INFO = NO;
				SDKROOT = iphoneos;
				SWIFT_COMPILATION_MODE = wholemodule;
				SWIFT_OPTIMIZATION_LEVEL = "-O";
				VALIDATE_PRODUCT = YES;
			};
			name = Release;
		};
		3FC4795620D5BCDD0024EFCF /* Debug */ = {
			isa = XCBuildConfiguration;
			buildSettings = {
				ASSETCATALOG_COMPILER_APPICON_NAME = AppIcon;
				CODE_SIGN_STYLE = Automatic;
				DEVELOPMENT_TEAM = V99QB268WT;
				INFOPLIST_FILE = Camera/Info.plist;
				LD_RUNPATH_SEARCH_PATHS = (
					"$(inherited)",
					"@executable_path/Frameworks",
				);
				PRODUCT_BUNDLE_IDENTIFIER = camera.Camera;
				PRODUCT_NAME = "$(TARGET_NAME)";
				SWIFT_VERSION = 4.0;
				TARGETED_DEVICE_FAMILY = "1,2";
			};
			name = Debug;
		};
		3FC4795720D5BCDD0024EFCF /* Release */ = {
			isa = XCBuildConfiguration;
			buildSettings = {
				ASSETCATALOG_COMPILER_APPICON_NAME = AppIcon;
				CODE_SIGN_STYLE = Automatic;
				DEVELOPMENT_TEAM = V99QB268WT;
				INFOPLIST_FILE = Camera/Info.plist;
				LD_RUNPATH_SEARCH_PATHS = (
					"$(inherited)",
					"@executable_path/Frameworks",
				);
				PRODUCT_BUNDLE_IDENTIFIER = camera.Camera;
				PRODUCT_NAME = "$(TARGET_NAME)";
				SWIFT_VERSION = 4.0;
				TARGETED_DEVICE_FAMILY = "1,2";
			};
			name = Release;
		};
		3FC4795920D5BCDD0024EFCF /* Debug */ = {
			isa = XCBuildConfiguration;
			buildSettings = {
				ALWAYS_EMBED_SWIFT_STANDARD_LIBRARIES = YES;
				BUNDLE_LOADER = "$(TEST_HOST)";
				CODE_SIGN_STYLE = Automatic;
				DEVELOPMENT_TEAM = V99QB268WT;
				INFOPLIST_FILE = CameraTests/Info.plist;
				LD_RUNPATH_SEARCH_PATHS = (
					"$(inherited)",
					"@executable_path/Frameworks",
					"@loader_path/Frameworks",
				);
				PRODUCT_BUNDLE_IDENTIFIER = camera.CameraTests;
				PRODUCT_NAME = "$(TARGET_NAME)";
				SWIFT_VERSION = 4.0;
				TARGETED_DEVICE_FAMILY = "1,2";
				TEST_HOST = "$(BUILT_PRODUCTS_DIR)/Camera.app/Camera";
			};
			name = Debug;
		};
		3FC4795A20D5BCDD0024EFCF /* Release */ = {
			isa = XCBuildConfiguration;
			buildSettings = {
				ALWAYS_EMBED_SWIFT_STANDARD_LIBRARIES = YES;
				BUNDLE_LOADER = "$(TEST_HOST)";
				CODE_SIGN_STYLE = Automatic;
				DEVELOPMENT_TEAM = V99QB268WT;
				INFOPLIST_FILE = CameraTests/Info.plist;
				LD_RUNPATH_SEARCH_PATHS = (
					"$(inherited)",
					"@executable_path/Frameworks",
					"@loader_path/Frameworks",
				);
				PRODUCT_BUNDLE_IDENTIFIER = camera.CameraTests;
				PRODUCT_NAME = "$(TARGET_NAME)";
				SWIFT_VERSION = 4.0;
				TARGETED_DEVICE_FAMILY = "1,2";
				TEST_HOST = "$(BUILT_PRODUCTS_DIR)/Camera.app/Camera";
			};
			name = Release;
		};
		3FC4795C20D5BCDD0024EFCF /* Debug */ = {
			isa = XCBuildConfiguration;
			buildSettings = {
				ALWAYS_EMBED_SWIFT_STANDARD_LIBRARIES = YES;
				CODE_SIGN_STYLE = Automatic;
				DEVELOPMENT_TEAM = V99QB268WT;
				INFOPLIST_FILE = CameraUITests/Info.plist;
				LD_RUNPATH_SEARCH_PATHS = (
					"$(inherited)",
					"@executable_path/Frameworks",
					"@loader_path/Frameworks",
				);
				PRODUCT_BUNDLE_IDENTIFIER = camera.CameraUITests;
				PRODUCT_NAME = "$(TARGET_NAME)";
				SWIFT_VERSION = 4.0;
				TARGETED_DEVICE_FAMILY = "1,2";
				TEST_TARGET_NAME = Camera;
			};
			name = Debug;
		};
		3FC4795D20D5BCDD0024EFCF /* Release */ = {
			isa = XCBuildConfiguration;
			buildSettings = {
				ALWAYS_EMBED_SWIFT_STANDARD_LIBRARIES = YES;
				CODE_SIGN_STYLE = Automatic;
				DEVELOPMENT_TEAM = V99QB268WT;
				INFOPLIST_FILE = CameraUITests/Info.plist;
				LD_RUNPATH_SEARCH_PATHS = (
					"$(inherited)",
					"@executable_path/Frameworks",
					"@loader_path/Frameworks",
				);
				PRODUCT_BUNDLE_IDENTIFIER = camera.CameraUITests;
				PRODUCT_NAME = "$(TARGET_NAME)";
				SWIFT_VERSION = 4.0;
				TARGETED_DEVICE_FAMILY = "1,2";
				TEST_TARGET_NAME = Camera;
			};
			name = Release;
		};
/* End XCBuildConfiguration section */

/* Begin XCConfigurationList section */
		3FC4792820D5BCD90024EFCF /* Build configuration list for PBXProject "Camera" */ = {
			isa = XCConfigurationList;
			buildConfigurations = (
				3FC4795320D5BCDD0024EFCF /* Debug */,
				3FC4795420D5BCDD0024EFCF /* Release */,
			);
			defaultConfigurationIsVisible = 0;
			defaultConfigurationName = Release;
		};
		3FC4795520D5BCDD0024EFCF /* Build configuration list for PBXNativeTarget "Camera" */ = {
			isa = XCConfigurationList;
			buildConfigurations = (
				3FC4795620D5BCDD0024EFCF /* Debug */,
				3FC4795720D5BCDD0024EFCF /* Release */,
			);
			defaultConfigurationIsVisible = 0;
			defaultConfigurationName = Release;
		};
		3FC4795820D5BCDD0024EFCF /* Build configuration list for PBXNativeTarget "CameraTests" */ = {
			isa = XCConfigurationList;
			buildConfigurations = (
				3FC4795920D5BCDD0024EFCF /* Debug */,
				3FC4795A20D5BCDD0024EFCF /* Release */,
			);
			defaultConfigurationIsVisible = 0;
			defaultConfigurationName = Release;
		};
		3FC4795B20D5BCDD0024EFCF /* Build configuration list for PBXNativeTarget "CameraUITests" */ = {
			isa = XCConfigurationList;
			buildConfigurations = (
				3FC4795C20D5BCDD0024EFCF /* Debug */,
				3FC4795D20D5BCDD0024EFCF /* Release */,
			);
			defaultConfigurationIsVisible = 0;
			defaultConfigurationName = Release;
		};
/* End XCConfigurationList section */
	};
	rootObject = 3FC4792520D5BCD90024EFCF /* Project object */;
}
